
Microsoft Visual Studio Solution File, Format Version 12.00
# Visual Studio Version 17
VisualStudioVersion = 17.14.36414.22 d17.14
MinimumVisualStudioVersion = 10.0.40219.1
Project("{FAE04EC0-301F-11D3-BF4B-00C04F79EFBC}") = "1ADONet", "1ADONet\1ADONet.csproj", "{7C414A01-06B9-43A4-B192-7F1894E3968F}"
EndProject
Global
	GlobalSection(SolutionConfigurationPlatforms) = preSolution
		Debug|Any CPU = Debug|Any CPU
		Release|Any CPU = Release|Any CPU
	EndGlobalSection
	GlobalSection(ProjectConfigurationPlatforms) = postSolution
		{7C414A01-06B9-43A4-B192-7F1894E3968F}.Debug|Any CPU.ActiveCfg = Debug|Any CPU
		{7C414A01-06B9-43A4-B192-7F1894E3968F}.Debug|Any CPU.Build.0 = Debug|Any CPU
		{7C414A01-06B9-43A4-B192-7F1894E3968F}.Release|Any CPU.ActiveCfg = Release|Any CPU
		{7C414A01-06B9-43A4-B192-7F1894E3968F}.Release|Any CPU.Build.0 = Release|Any CPU
	EndGlobalSection
	GlobalSection(SolutionProperties) = preSolution
		HideSolutionNode = FALSE
	EndGlobalSection
	GlobalSection(ExtensibilityGlobals) = postSolution
		SolutionGuid = {FAF12BB2-D789-4EC1-AC09-1CA49550BACA}
	EndGlobalSection
EndGlobal
