
Microsoft Visual Studio Solution File, Format Version 12.00
# Visual Studio Version 17
VisualStudioVersion = 17.14.36414.22
MinimumVisualStudioVersion = 10.0.40219.1
Project("{2150E333-8FDC-42A3-9474-1A3956D46DE8}") = "AdoNetProject", "AdoNetProject", "{02EA681E-C7D8-13C7-8484-4AC65E1B71E8}"
EndProject
Project("{FAE04EC0-301F-11D3-BF4B-00C04F79EFBC}") = "UniveristyDomain", "UniveristyDomain\UniveristyDomain.csproj", "{3E17BBF2-A3AF-4974-BC80-89BD0D4B12D1}"
EndProject
Project("{FAE04EC0-301F-11D3-BF4B-00C04F79EFBC}") = "UniversityApplication", "UniversityApplication\UniversityApplication.csproj", "{8A5D1AF9-36BC-4354-9058-23757B023C50}"
EndProject
Project("{FAE04EC0-301F-11D3-BF4B-00C04F79EFBC}") = "UniversityInfrastructure.", "UniversityInfrastructure\UniversityInfrastructure..csproj", "{87D341ED-EB50-41CD-8B15-019B7B9A50D1}"
EndProject
Project("{FAE04EC0-301F-11D3-BF4B-00C04F79EFBC}") = "UniversityPresentation", "UniversityPresentation\UniversityPresentation.csproj", "{53CFC095-62AA-46AB-8C9B-6BF0D881A4A0}"
EndProject
Project("{FAE04EC0-301F-11D3-BF4B-00C04F79EFBC}") = "MoviesEFCore", "MoviesEFCore\MoviesEFCore.csproj", "{5EB69E44-23A9-44BC-BCEE-7F73D7D449BA}"
EndProject
Global
	GlobalSection(SolutionConfigurationPlatforms) = preSolution
		Debug|Any CPU = Debug|Any CPU
		Release|Any CPU = Release|Any CPU
	EndGlobalSection
	GlobalSection(ProjectConfigurationPlatforms) = postSolution
		{3E17BBF2-A3AF-4974-BC80-89BD0D4B12D1}.Debug|Any CPU.ActiveCfg = Debug|Any CPU
		{3E17BBF2-A3AF-4974-BC80-89BD0D4B12D1}.Debug|Any CPU.Build.0 = Debug|Any CPU
		{3E17BBF2-A3AF-4974-BC80-89BD0D4B12D1}.Release|Any CPU.ActiveCfg = Release|Any CPU
		{3E17BBF2-A3AF-4974-BC80-89BD0D4B12D1}.Release|Any CPU.Build.0 = Release|Any CPU
		{8A5D1AF9-36BC-4354-9058-23757B023C50}.Debug|Any CPU.ActiveCfg = Debug|Any CPU
		{8A5D1AF9-36BC-4354-9058-23757B023C50}.Debug|Any CPU.Build.0 = Debug|Any CPU
		{8A5D1AF9-36BC-4354-9058-23757B023C50}.Release|Any CPU.ActiveCfg = Release|Any CPU
		{8A5D1AF9-36BC-4354-9058-23757B023C50}.Release|Any CPU.Build.0 = Release|Any CPU
		{87D341ED-EB50-41CD-8B15-019B7B9A50D1}.Debug|Any CPU.ActiveCfg = Debug|Any CPU
		{87D341ED-EB50-41CD-8B15-019B7B9A50D1}.Debug|Any CPU.Build.0 = Debug|Any CPU
		{87D341ED-EB50-41CD-8B15-019B7B9A50D1}.Release|Any CPU.ActiveCfg = Release|Any CPU
		{87D341ED-EB50-41CD-8B15-019B7B9A50D1}.Release|Any CPU.Build.0 = Release|Any CPU
		{53CFC095-62AA-46AB-8C9B-6BF0D881A4A0}.Debug|Any CPU.ActiveCfg = Debug|Any CPU
		{53CFC095-62AA-46AB-8C9B-6BF0D881A4A0}.Debug|Any CPU.Build.0 = Debug|Any CPU
		{53CFC095-62AA-46AB-8C9B-6BF0D881A4A0}.Release|Any CPU.ActiveCfg = Release|Any CPU
		{53CFC095-62AA-46AB-8C9B-6BF0D881A4A0}.Release|Any CPU.Build.0 = Release|Any CPU
		{5EB69E44-23A9-44BC-BCEE-7F73D7D449BA}.Debug|Any CPU.ActiveCfg = Debug|Any CPU
		{5EB69E44-23A9-44BC-BCEE-7F73D7D449BA}.Debug|Any CPU.Build.0 = Debug|Any CPU
		{5EB69E44-23A9-44BC-BCEE-7F73D7D449BA}.Release|Any CPU.ActiveCfg = Release|Any CPU
		{5EB69E44-23A9-44BC-BCEE-7F73D7D449BA}.Release|Any CPU.Build.0 = Release|Any CPU
	EndGlobalSection
	GlobalSection(SolutionProperties) = preSolution
		HideSolutionNode = FALSE
	EndGlobalSection
	GlobalSection(NestedProjects) = preSolution
		{3E17BBF2-A3AF-4974-BC80-89BD0D4B12D1} = {02EA681E-C7D8-13C7-8484-4AC65E1B71E8}
		{8A5D1AF9-36BC-4354-9058-23757B023C50} = {02EA681E-C7D8-13C7-8484-4AC65E1B71E8}
		{87D341ED-EB50-41CD-8B15-019B7B9A50D1} = {02EA681E-C7D8-13C7-8484-4AC65E1B71E8}
		{53CFC095-62AA-46AB-8C9B-6BF0D881A4A0} = {02EA681E-C7D8-13C7-8484-4AC65E1B71E8}
	EndGlobalSection
	GlobalSection(ExtensibilityGlobals) = postSolution
		SolutionGuid = {FAF12BB2-D789-4EC1-AC09-1CA49550BACA}
	EndGlobalSection
EndGlobal
